{
  "name": "dgraphql",
  "version": "1.0.0",
  "lockfileVersion": 1,
  "requires": true,
  "dependencies": {
    "@types/graphql": {
      "version": "14.0.5",
      "resolved": "https://registry.npmjs.org/@types/graphql/-/graphql-14.0.5.tgz",
      "integrity": "sha512-bwGYLE0SRy5ZraC91dqI2bxbspfm10kyJ2Yjuvk4OjdGznh7fkoWW+xXZHfFydJaqu9syZi099cpiZw3GlPDiA==",
      "dev": true
    },
    "@types/node": {
      "version": "10.12.19",
      "resolved": "https://registry.npmjs.org/@types/node/-/node-10.12.19.tgz",
      "integrity": "sha512-2NVovndCjJQj6fUUn9jCgpP4WSqr+u1SoUZMZyJkhGeBFsm6dE46l31S7lPUYt9uQ28XI+ibrJA1f5XyH5HNtA==",
      "dev": true
    },
    "apollo-utilities": {
      "version": "1.1.2",
      "resolved": "https://registry.npmjs.org/apollo-utilities/-/apollo-utilities-1.1.2.tgz",
      "integrity": "sha512-EjDx8vToK+zkWIxc76ZQY/irRX52puNg04xf/w8R0kVTDAgHuVfnFVC01O5vE25kFnIaa5em0pFI0p9b6YMkhQ==",
      "requires": {
        "fast-json-stable-stringify": "^2.0.0",
        "tslib": "^1.9.3"
      }
    },
    "dgraph-js": {
      "version": "1.2.1",
      "resolved": "https://registry.npmjs.org/dgraph-js/-/dgraph-js-1.2.1.tgz",
      "integrity": "sha512-PHNT/WidlQ0EV2iZnAzPcwI43brJ035+exwpbFxLg7qKtDiqx/NlRWoJiYl4+ZK6jdSASCgLym+uXtWrp8MrOw==",
      "requires": {
        "google-protobuf": "^3.5.0"
      }
    },
    "fast-json-stable-stringify": {
      "version": "2.0.0",
      "resolved": "https://registry.npmjs.org/fast-json-stable-stringify/-/fast-json-stable-stringify-2.0.0.tgz",
      "integrity": "sha1-1RQsDK7msRifh9OnYREGT4bIu/I="
    },
    "google-protobuf": {
      "version": "3.6.1",
      "resolved": "https://registry.npmjs.org/google-protobuf/-/google-protobuf-3.6.1.tgz",
      "integrity": "sha512-SJYemeX5GjDLPnadcmCNQePQHCS4Hl5fOcI/JawqDIYFhCmrtYAjcx/oTQx/Wi8UuCuZQhfvftbmPePPAYHFtA=="
    },
    "graphql": {
      "version": "14.1.1",
      "resolved": "https://registry.npmjs.org/graphql/-/graphql-14.1.1.tgz",
      "integrity": "sha512-C5zDzLqvfPAgTtP8AUPIt9keDabrdRAqSWjj2OPRKrKxI9Fb65I36s1uCs1UUBFnSWTdO7hyHi7z1ZbwKMKF6Q==",
      "requires": {
        "iterall": "^1.2.2"
      }
    },
    "graphql-ast-tools": {
      "version": "0.2.3",
      "resolved": "https://registry.npmjs.org/graphql-ast-tools/-/graphql-ast-tools-0.2.3.tgz",
      "integrity": "sha512-pMh+NVHTXV4QrxDaoyLyBzweoJ5YZ6ATUbCAelTSFbIV+P/RA1CfVY+15VNv/7SD/jmqfNEA6xiU3gXhsTuv7g==",
      "requires": {
        "apollo-utilities": "^1.0.3"
      }
    },
    "iterall": {
      "version": "1.2.2",
      "resolved": "https://registry.npmjs.org/iterall/-/iterall-1.2.2.tgz",
      "integrity": "sha512-yynBb1g+RFUPY64fTrFv7nsjRrENBQJaX2UL+2Szc9REFrSNm1rpSXHGzhmAy7a9uv3vlvgBlXnf9RqmPH1/DA=="
    },
    "tslib": {
      "version": "1.9.3",
      "resolved": "https://registry.npmjs.org/tslib/-/tslib-1.9.3.tgz",
      "integrity": "sha512-4krF8scpejhaOgqzBEcGM7yDIEfi0/8+8zDRZhNZZ2kjmHJ4hv3zCbQWxoJGz1iw5U0Jl0nma13xzHXcncMavQ=="
    },
    "typescript": {
      "version": "3.2.4",
      "resolved": "https://registry.npmjs.org/typescript/-/typescript-3.2.4.tgz",
      "integrity": "sha512-0RNDbSdEokBeEAkgNbxJ+BLwSManFy9TeXz8uW+48j/xhEXv1ePME60olyzw2XzUqUBNAYFeJadIqAgNqIACwg==",
      "dev": true
    }
  }
}
